
Microsoft Visual Studio Solution File, Format Version 12.00
# Visual Studio 15
VisualStudioVersion = 15.0.27428.2002
MinimumVisualStudioVersion = 10.0.40219.1
Project("{FAE04EC0-301F-11D3-BF4B-00C04F79EFBC}") = "ExampleWindowService", "ExampleWindowService\ExampleWindowService.csproj", "{62664BFC-D064-4C50-9E4F-2C46CCA73AF7}"
EndProject
Global
	GlobalSection(SolutionConfigurationPlatforms) = preSolution
		Debug|Any CPU = Debug|Any CPU
		Release|Any CPU = Release|Any CPU
	EndGlobalSection
	GlobalSection(ProjectConfigurationPlatforms) = postSolution
		{62664BFC-D064-4C50-9E4F-2C46CCA73AF7}.Debug|Any CPU.ActiveCfg = Debug|Any CPU
		{62664BFC-D064-4C50-9E4F-2C46CCA73AF7}.Debug|Any CPU.Build.0 = Debug|Any CPU
		{62664BFC-D064-4C50-9E4F-2C46CCA73AF7}.Release|Any CPU.ActiveCfg = Release|Any CPU
		{62664BFC-D064-4C50-9E4F-2C46CCA73AF7}.Release|Any CPU.Build.0 = Release|Any CPU
	EndGlobalSection
	GlobalSection(SolutionProperties) = preSolution
		HideSolutionNode = FALSE
	EndGlobalSection
	GlobalSection(ExtensibilityGlobals) = postSolution
		SolutionGuid = {98FCCDF9-1AC0-487F-BD7F-815BE8B0BDEC}
	EndGlobalSection
EndGlobal
